{
  "name": "test",
  "version": "1.0.0",
  "lockfileVersion": 1,
  "requires": true,
  "dependencies": {
    "@types/fast-levenshtein": {
      "version": "0.0.1",
      "resolved": "https://registry.npmjs.org/@types/fast-levenshtein/-/fast-levenshtein-0.0.1.tgz",
      "integrity": "sha1-OjYVzxc2Rcj8pY0FHk4ygk5L0oY="
    },
    "@types/lodash": {
      "version": "4.14.149",
      "resolved": "https://registry.npmjs.org/@types/lodash/-/lodash-4.14.149.tgz",
      "integrity": "sha512-ijGqzZt/b7BfzcK9vTrS6MFljQRPn5BFWOx8oE0GYxribu6uV+aA9zZuXI1zc/etK9E8nrgdoF2+LgUw7+9tJQ=="
    },
    "@types/lowdb": {
      "version": "1.0.9",
      "resolved": "https://registry.npmjs.org/@types/lowdb/-/lowdb-1.0.9.tgz",
      "integrity": "sha512-LBRG5EPXFOJDoJc9jACstMhtMP+u+UkPYllBeGQXXKiaHc+uzJs9+/Aynb/5KkX33DtrIiKyzNVTPQc/4RcD6A==",
      "requires": {
        "@types/lodash": "4.14.149"
      }
    },
    "@types/node": {
      "version": "13.7.0",
      "resolved": "https://registry.npmjs.org/@types/node/-/node-13.7.0.tgz",
      "integrity": "sha512-GnZbirvmqZUzMgkFn70c74OQpTTUcCzlhQliTzYjQMqg+hVKcDnxdL19Ne3UdYzdMA/+W3eb646FWn/ZaT1NfQ=="
    },
    "@types/node-fetch": {
      "version": "2.5.4",
      "resolved": "https://registry.npmjs.org/@types/node-fetch/-/node-fetch-2.5.4.tgz",
      "integrity": "sha512-Oz6id++2qAOFuOlE1j0ouk1dzl3mmI1+qINPNBhi9nt/gVOz0G+13Ao6qjhdF0Ys+eOkhu6JnFmt38bR3H0POQ==",
      "requires": {
        "@types/node": "13.7.0"
      }
    },
    "debug": {
      "version": "4.1.1",
      "resolved": "https://registry.npmjs.org/debug/-/debug-4.1.1.tgz",
      "integrity": "sha512-pYAIzeRo8J6KPEaJ0VWOh5Pzkbw/RetuzehGM7QRRX5he4fPHx2rdKMB256ehJCkX+XRQm16eZLqLNS8RSZXZw==",
      "requires": {
        "ms": "2.1.2"
      }
    },
    "fast-levenshtein": {
      "version": "2.0.6",
      "resolved": "https://registry.npmjs.org/fast-levenshtein/-/fast-levenshtein-2.0.6.tgz",
      "integrity": "sha1-PYpcZog6FqMMqGQ+hR8Zuqd5eRc="
    },
    "graceful-fs": {
      "version": "4.2.3",
      "resolved": "https://registry.npmjs.org/graceful-fs/-/graceful-fs-4.2.3.tgz",
      "integrity": "sha512-a30VEBm4PEdx1dRB7MFK7BejejvCvBronbLjht+sHuGYj8PHs7M/5Z+rt5lw551vZ7yfTCj4Vuyy3mSJytDWRQ=="
    },
    "is-promise": {
      "version": "2.1.0",
      "resolved": "https://registry.npmjs.org/is-promise/-/is-promise-2.1.0.tgz",
      "integrity": "sha1-eaKp7OfwlugPNtKy87wWwf9L8/o="
    },
    "lodash": {
      "version": "4.17.15",
      "resolved": "https://registry.npmjs.org/lodash/-/lodash-4.17.15.tgz",
      "integrity": "sha512-8xOcRHvCjnocdS5cpwXQXVzmmh5e5+saE2QGoeQmbKmRS6J3VQppPOIt0MnmE+4xlZoumy0GPG0D0MVIQbNA1A=="
    },
    "lowdb": {
      "version": "1.0.0",
      "resolved": "https://registry.npmjs.org/lowdb/-/lowdb-1.0.0.tgz",
      "integrity": "sha512-2+x8esE/Wb9SQ1F9IHaYWfsC9FIecLOPrK4g17FGEayjUWH172H6nwicRovGvSE2CPZouc2MCIqCI7h9d+GftQ==",
      "requires": {
        "graceful-fs": "4.2.3",
        "is-promise": "2.1.0",
        "lodash": "4.17.15",
        "pify": "3.0.0",
        "steno": "0.4.4"
      }
    },
    "ms": {
      "version": "2.1.2",
      "resolved": "https://registry.npmjs.org/ms/-/ms-2.1.2.tgz",
      "integrity": "sha512-sGkPx+VjMtmA6MX27oA4FBFELFCZZ4S4XqeGOXCv68tT+jb3vk/RyaKWP0PTKyWtmLSM0b+adUTEvbs1PEaH2w=="
    },
    "node-fetch": {
      "version": "2.6.0",
      "resolved": "https://registry.npmjs.org/node-fetch/-/node-fetch-2.6.0.tgz",
      "integrity": "sha512-8dG4H5ujfvFiqDmVu9fQ5bOHUC15JMjMY/Zumv26oOvvVJjM67KF8koCWIabKQ1GJIa9r2mMZscBq/TbdOcmNA=="
    },
    "pify": {
      "version": "3.0.0",
      "resolved": "https://registry.npmjs.org/pify/-/pify-3.0.0.tgz",
      "integrity": "sha1-5aSs0sEB/fPZpNB/DbxNtJ3SgXY="
    },
    "steno": {
      "version": "0.4.4",
      "resolved": "https://registry.npmjs.org/steno/-/steno-0.4.4.tgz",
      "integrity": "sha1-BxEFvfwobmYVwEA8J+nXtdy4Vcs=",
      "requires": {
        "graceful-fs": "4.2.3"
      }
    },
    "yandex-dialogs-sdk": {
      "version": "2.3.0",
      "resolved": "https://registry.npmjs.org/yandex-dialogs-sdk/-/yandex-dialogs-sdk-2.3.0.tgz",
      "integrity": "sha512-CiKW+ktnCcIGAN/EbncPzN7pEhWIlNBtGPPbNBoHhTzJzOxLT7XIJZhSmW3dBiQkZF/KblJA0p9JxNw8RvpsZQ==",
      "requires": {
        "@types/fast-levenshtein": "0.0.1",
        "@types/node-fetch": "2.5.4",
        "debug": "4.1.1",
        "fast-levenshtein": "2.0.6",
        "node-fetch": "2.6.0"
      }
    },
    "yandex-dialogs-sdk-lowdb": {
      "version": "1.2.0",
      "resolved": "https://registry.npmjs.org/yandex-dialogs-sdk-lowdb/-/yandex-dialogs-sdk-lowdb-1.2.0.tgz",
      "integrity": "sha512-aowbbc7tEgMyF62RoSAeXNp2+NcsmvIBKGAeNyG4oa45pXg+GqDjsgxNskzCRUGwPpoVzeCdISfpFcfskFq9KA==",
      "requires": {
        "@types/lowdb": "1.0.9",
        "lowdb": "1.0.0",
        "yandex-dialogs-sdk": "2.3.0"
      }
    }
  }
}
